
Microsoft Visual Studio Solution File, Format Version 12.00
# Visual Studio Version 16
VisualStudioVersion = 16.0.29926.136
MinimumVisualStudioVersion = 10.0.40219.1
Project("{888888A0-9F3D-457C-B088-3A5042F75D52}") = "Python_Practice", "Python_Practice.pyproj", "{6BDDD067-A3DA-4053-A0CA-B1D731828306}"
EndProject
Global
	GlobalSection(SolutionConfigurationPlatforms) = preSolution
		Debug|Any CPU = Debug|Any CPU
		Release|Any CPU = Release|Any CPU
	EndGlobalSection
	GlobalSection(ProjectConfigurationPlatforms) = postSolution
		{6BDDD067-A3DA-4053-A0CA-B1D731828306}.Debug|Any CPU.ActiveCfg = Debug|Any CPU
		{6BDDD067-A3DA-4053-A0CA-B1D731828306}.Release|Any CPU.ActiveCfg = Release|Any CPU
	EndGlobalSection
	GlobalSection(SolutionProperties) = preSolution
		HideSolutionNode = FALSE
	EndGlobalSection
	GlobalSection(ExtensibilityGlobals) = postSolution
		SolutionGuid = {8437CAF0-244F-4BE7-A50A-7E6DE6D73DA7}
	EndGlobalSection
EndGlobal
