
Microsoft Visual Studio Solution File, Format Version 12.00
# Visual Studio Version 16
VisualStudioVersion = 16.0.29926.136
MinimumVisualStudioVersion = 10.0.40219.1
Project("{888888A0-9F3D-457C-B088-3A5042F75D52}") = "StudentCard_Composition", "StudentCard_Composition.pyproj", "{E6820449-3A05-4274-AA2E-B508C8EA5538}"
EndProject
Global
	GlobalSection(SolutionConfigurationPlatforms) = preSolution
		Debug|Any CPU = Debug|Any CPU
		Release|Any CPU = Release|Any CPU
	EndGlobalSection
	GlobalSection(ProjectConfigurationPlatforms) = postSolution
		{E6820449-3A05-4274-AA2E-B508C8EA5538}.Debug|Any CPU.ActiveCfg = Debug|Any CPU
		{E6820449-3A05-4274-AA2E-B508C8EA5538}.Release|Any CPU.ActiveCfg = Release|Any CPU
	EndGlobalSection
	GlobalSection(SolutionProperties) = preSolution
		HideSolutionNode = FALSE
	EndGlobalSection
	GlobalSection(ExtensibilityGlobals) = postSolution
		SolutionGuid = {4F41B285-192C-49CB-BFEB-298FB1C564B7}
	EndGlobalSection
EndGlobal
